<?xml version="1.0" encoding="utf-8"?>
<Project ToolsVersion="4.0" xmlns="http://schemas.microsoft.com/developer/msbuild/2003">
  <ItemGroup>
    <Filter Include="Source Files">
      <UniqueIdentifier>{4FC737F1-C7A5-4376-A066-2A32D752A2FF}</UniqueIdentifier>
      <Extensions>cpp;c;cc;cxx;def;odl;idl;hpj;bat;asm;asmx</Extensions>
    </Filter>
    <Filter Include="Header Files">
      <UniqueIdentifier>{93995380-89BD-4b04-88EB-625FBE52EBFB}</UniqueIdentifier>
      <Extensions>h;hh;hpp;hxx;hm;inl;inc;xsd</Extensions>
    </Filter>
    <Filter Include="Resource Files">
      <UniqueIdentifier>{67DA6AB6-F800-4c08-8B7A-83BB121AAD01}</UniqueIdentifier>
      <Extensions>rc;ico;cur;bmp;dlg;rc2;rct;bin;rgs;gif;jpg;jpeg;jpe;resx;tiff;tif;png;wav;mfcribbon-ms</Extensions>
    </Filter>
  </ItemGroup>
  <ItemGroup>
    <None Include="Xinstruments.ino" />
  </ItemGroup>
  <ItemGroup>
    <ClInclude Include="__vm\.Xinstruments.vsarduino.h">
      <Filter>Header Files</Filter>
    </ClInclude>
    <ClInclude Include="Xinstruments.h">
      <Filter>Header Files</Filter>
    </ClInclude>
    <ClInclude Include="CANaero.h">
      <Filter>Header Files</Filter>
    </ClInclude>
    <ClInclude Include="CanAeroMessage.h">
      <Filter>Header Files</Filter>
    </ClInclude>
    <ClInclude Include="CANdriver.h">
      <Filter>Header Files</Filter>
    </ClInclude>
    <ClInclude Include="CAN_ids.h">
      <Filter>Header Files</Filter>
    </ClInclude>
    <ClInclude Include="GenericIndicator.h">
      <Filter>Header Files</Filter>
    </ClInclude>
    <ClInclude Include="IndicatorDisplay.h">
      <Filter>Header Files</Filter>
    </ClInclude>
    <ClInclude Include="IndicatorStepper.h">
      <Filter>Header Files</Filter>
    </ClInclude>
    <ClInclude Include="Instrument.h">
      <Filter>Header Files</Filter>
    </ClInclude>
    <ClInclude Include="Stepper360.h">
      <Filter>Header Files</Filter>
    </ClInclude>
    <ClInclude Include="StepperPie.h">
      <Filter>Header Files</Filter>
    </ClInclude>
    <ClInclude Include="VidStepper.h">
      <Filter>Header Files</Filter>
    </ClInclude>
    <ClInclude Include="mydebug.h">
      <Filter>Header Files</Filter>
    </ClInclude>
    <ClInclude Include="XServo.h">
      <Filter>Header Files</Filter>
    </ClInclude>
    <ClInclude Include="CANaeroBase.h">
      <Filter>Header Files</Filter>
    </ClInclude>
    <ClInclude Include="CANAS_service.h">
      <Filter>Header Files</Filter>
    </ClInclude>
  </ItemGroup>
  <ItemGroup>
    <ClCompile Include="CANaero.cpp">
      <Filter>Source Files</Filter>
    </ClCompile>
    <ClCompile Include="CANAS_service.cpp">
      <Filter>Source Files</Filter>
    </ClCompile>
    <ClCompile Include="CANdriver.cpp">
      <Filter>Source Files</Filter>
    </ClCompile>
    <ClCompile Include="GenericIndicator.cpp">
      <Filter>Source Files</Filter>
    </ClCompile>
    <ClCompile Include="IndicatorDisplay.cpp">
      <Filter>Source Files</Filter>
    </ClCompile>
    <ClCompile Include="IndicatorStepper.cpp">
      <Filter>Source Files</Filter>
    </ClCompile>
    <ClCompile Include="Instrument.cpp">
      <Filter>Source Files</Filter>
    </ClCompile>
    <ClCompile Include="Stepper360.cpp">
      <Filter>Source Files</Filter>
    </ClCompile>
    <ClCompile Include="StepperPie.cpp">
      <Filter>Source Files</Filter>
    </ClCompile>
    <ClCompile Include="VidStepper.cpp">
      <Filter>Source Files</Filter>
    </ClCompile>
    <ClCompile Include="XServo.cpp">
      <Filter>Source Files</Filter>
    </ClCompile>
    <ClCompile Include="CANaeroBase.cpp">
      <Filter>Source Files</Filter>
    </ClCompile>
  </ItemGroup>
</Project>