
Microsoft Visual Studio Solution File, Format Version 12.00
# Visual Studio 15
VisualStudioVersion = 15.0.27130.2020
MinimumVisualStudioVersion = 10.0.40219.1
Project("{8BC9CEB8-8B4A-11D0-8D11-00A0C91BC942}") = "ESP32Servo", "..\libraries\ESP32Servo\ESP32Servo.vcxitems", "{9D782436-D38E-4C48-BA14-95D0D127012E}"
EndProject
Project("{8BC9CEB8-8B4A-11D0-8D11-00A0C91BC942}") = "WiFi", "..\..\..\Appdata\Local\arduino15\packages\esp32\hardware\esp32\1.0.0\libraries\WiFi\WiFi.vcxitems", "{BD3C98A9-7998-43EF-99BD-39B0481D664B}"
EndProject
Project("{8BC9CEB8-8B4A-11D0-8D11-00A0C91BC942}") = "esp32_can", "..\libraries\esp32_can\esp32_can.vcxitems", "{8E062620-504F-4A0B-8215-FD15AAD6AD02}"
EndProject
Project("{8BC9CEB8-8B4A-11D0-8D11-00A0C91BC942}") = "Xinstruments", "Xinstruments.vcxproj", "{C5F80730-F44F-4478-BDAE-6634EFC2CA88}"
EndProject
Project("{8BC9CEB8-8B4A-11D0-8D11-00A0C91BC942}") = "QList", "..\libraries\QList\QList.vcxitems", "{100094BC-FB31-4583-829B-81A818E4A657}"
EndProject
Project("{8BC9CEB8-8B4A-11D0-8D11-00A0C91BC942}") = "AccelStepper", "..\libraries\AccelStepper\AccelStepper.vcxitems", "{0E6E3DD2-1140-44B6-829D-55681B98EE74}"
EndProject
Global
	GlobalSection(SharedMSBuildProjectFiles) = preSolution
		..\libraries\AccelStepper\AccelStepper.vcxitems*{0e6e3dd2-1140-44b6-829d-55681b98ee74}*SharedItemsImports = 9
		..\libraries\QList\QList.vcxitems*{100094bc-fb31-4583-829b-81a818e4a657}*SharedItemsImports = 9
		..\libraries\esp32_can\esp32_can.vcxitems*{8e062620-504f-4a0b-8215-fd15aad6ad02}*SharedItemsImports = 9
		..\libraries\ESP32Servo\ESP32Servo.vcxitems*{9d782436-d38e-4c48-ba14-95d0d127012e}*SharedItemsImports = 9
		..\..\..\AppData\Local\arduino15\packages\esp32\hardware\esp32\1.0.0\libraries\WiFi\WiFi.vcxitems*{bd3c98a9-7998-43ef-99bd-39b0481d664b}*SharedItemsImports = 9
		..\..\..\AppData\Local\arduino15\packages\esp32\hardware\esp32\1.0.0\libraries\WiFi\WiFi.vcxitems*{c5f80730-f44f-4478-bdae-6634efc2ca88}*SharedItemsImports = 4
		..\libraries\AccelStepper\AccelStepper.vcxitems*{c5f80730-f44f-4478-bdae-6634efc2ca88}*SharedItemsImports = 4
		..\libraries\ESP32Servo\ESP32Servo.vcxitems*{c5f80730-f44f-4478-bdae-6634efc2ca88}*SharedItemsImports = 4
		..\libraries\esp32_can\esp32_can.vcxitems*{c5f80730-f44f-4478-bdae-6634efc2ca88}*SharedItemsImports = 4
		..\libraries\QList\QList.vcxitems*{c5f80730-f44f-4478-bdae-6634efc2ca88}*SharedItemsImports = 4
	EndGlobalSection
	GlobalSection(SolutionConfigurationPlatforms) = preSolution
		Debug|x86 = Debug|x86
		Release|x86 = Release|x86
	EndGlobalSection
	GlobalSection(ProjectConfigurationPlatforms) = postSolution
		{C5F80730-F44F-4478-BDAE-6634EFC2CA88}.Debug|x86.ActiveCfg = Debug|Win32
		{C5F80730-F44F-4478-BDAE-6634EFC2CA88}.Debug|x86.Build.0 = Debug|Win32
		{C5F80730-F44F-4478-BDAE-6634EFC2CA88}.Release|x86.ActiveCfg = Release|Win32
		{C5F80730-F44F-4478-BDAE-6634EFC2CA88}.Release|x86.Build.0 = Release|Win32
	EndGlobalSection
	GlobalSection(SolutionProperties) = preSolution
		HideSolutionNode = FALSE
	EndGlobalSection
	GlobalSection(ExtensibilityGlobals) = postSolution
		SolutionGuid = {A981A8A2-241E-419C-AC4A-53B6F1C5141C}
	EndGlobalSection
EndGlobal
